
Microsoft Visual Studio Solution File, Format Version 12.00
# Visual Studio Version 17
VisualStudioVersion = 17.0.31903.59
MinimumVisualStudioVersion = 10.0.40219.1
Project("{2150E333-8FDC-42A3-9474-1A3956D46DE8}") = "src", "src", "{7EFC6541-6EF3-4EC4-8C95-F12012C9F0EC}"
EndProject
Project("{FAE04EC0-301F-11D3-BF4B-00C04F79EFBC}") = "HydraBusiness", "src\HydraBusiness\HydraBusiness.csproj", "{E1CC9E6B-1308-4D8B-B694-D35FE7AC8AA3}"
EndProject
Project("{FAE04EC0-301F-11D3-BF4B-00C04F79EFBC}") = "HydraDataAccess", "src\HydraDataAccess\HydraDataAccess.csproj", "{00D9761F-6E18-494F-B3FC-7F9D59DEE535}"
EndProject
Project("{FAE04EC0-301F-11D3-BF4B-00C04F79EFBC}") = "HydraApi", "src\HydraApi\HydraApi.csproj", "{D6641278-B6CD-4A6A-BCE4-69B3EB385543}"
EndProject
Global
	GlobalSection(SolutionConfigurationPlatforms) = preSolution
		Debug|Any CPU = Debug|Any CPU
		Release|Any CPU = Release|Any CPU
	EndGlobalSection
	GlobalSection(SolutionProperties) = preSolution
		HideSolutionNode = FALSE
	EndGlobalSection
	GlobalSection(ProjectConfigurationPlatforms) = postSolution
		{E1CC9E6B-1308-4D8B-B694-D35FE7AC8AA3}.Debug|Any CPU.ActiveCfg = Debug|Any CPU
		{E1CC9E6B-1308-4D8B-B694-D35FE7AC8AA3}.Debug|Any CPU.Build.0 = Debug|Any CPU
		{E1CC9E6B-1308-4D8B-B694-D35FE7AC8AA3}.Release|Any CPU.ActiveCfg = Release|Any CPU
		{E1CC9E6B-1308-4D8B-B694-D35FE7AC8AA3}.Release|Any CPU.Build.0 = Release|Any CPU
		{00D9761F-6E18-494F-B3FC-7F9D59DEE535}.Debug|Any CPU.ActiveCfg = Debug|Any CPU
		{00D9761F-6E18-494F-B3FC-7F9D59DEE535}.Debug|Any CPU.Build.0 = Debug|Any CPU
		{00D9761F-6E18-494F-B3FC-7F9D59DEE535}.Release|Any CPU.ActiveCfg = Release|Any CPU
		{00D9761F-6E18-494F-B3FC-7F9D59DEE535}.Release|Any CPU.Build.0 = Release|Any CPU
		{D6641278-B6CD-4A6A-BCE4-69B3EB385543}.Debug|Any CPU.ActiveCfg = Debug|Any CPU
		{D6641278-B6CD-4A6A-BCE4-69B3EB385543}.Debug|Any CPU.Build.0 = Debug|Any CPU
		{D6641278-B6CD-4A6A-BCE4-69B3EB385543}.Release|Any CPU.ActiveCfg = Release|Any CPU
		{D6641278-B6CD-4A6A-BCE4-69B3EB385543}.Release|Any CPU.Build.0 = Release|Any CPU
	EndGlobalSection
	GlobalSection(NestedProjects) = preSolution
		{E1CC9E6B-1308-4D8B-B694-D35FE7AC8AA3} = {7EFC6541-6EF3-4EC4-8C95-F12012C9F0EC}
		{00D9761F-6E18-494F-B3FC-7F9D59DEE535} = {7EFC6541-6EF3-4EC4-8C95-F12012C9F0EC}
		{D6641278-B6CD-4A6A-BCE4-69B3EB385543} = {7EFC6541-6EF3-4EC4-8C95-F12012C9F0EC}
	EndGlobalSection
EndGlobal
